
Microsoft Visual Studio Solution File, Format Version 12.00
# Visual Studio 15
VisualStudioVersion = 15.0.27703.2026
MinimumVisualStudioVersion = 10.0.40219.1
Project("{FAE04EC0-301F-11D3-BF4B-00C04F79EFBC}") = "Name_And_Greeting", "Name_And_Greeting\Name_And_Greeting.csproj", "{084FB125-CE59-4FD7-807B-24A79D4FF6C1}"
EndProject
Global
	GlobalSection(SolutionConfigurationPlatforms) = preSolution
		Debug|Any CPU = Debug|Any CPU
		Release|Any CPU = Release|Any CPU
	EndGlobalSection
	GlobalSection(ProjectConfigurationPlatforms) = postSolution
		{084FB125-CE59-4FD7-807B-24A79D4FF6C1}.Debug|Any CPU.ActiveCfg = Debug|Any CPU
		{084FB125-CE59-4FD7-807B-24A79D4FF6C1}.Debug|Any CPU.Build.0 = Debug|Any CPU
		{084FB125-CE59-4FD7-807B-24A79D4FF6C1}.Release|Any CPU.ActiveCfg = Release|Any CPU
		{084FB125-CE59-4FD7-807B-24A79D4FF6C1}.Release|Any CPU.Build.0 = Release|Any CPU
	EndGlobalSection
	GlobalSection(SolutionProperties) = preSolution
		HideSolutionNode = FALSE
	EndGlobalSection
	GlobalSection(ExtensibilityGlobals) = postSolution
		SolutionGuid = {FE2450F8-95C0-4008-ADD7-342B8A10F7A6}
	EndGlobalSection
EndGlobal
