
Microsoft Visual Studio Solution File, Format Version 12.00
# Visual Studio 15
VisualStudioVersion = 15.0.27703.2026
MinimumVisualStudioVersion = 10.0.40219.1
Project("{FAE04EC0-301F-11D3-BF4B-00C04F79EFBC}") = "Escape_Sequences", "Escape_Sequences\Escape_Sequences.csproj", "{503776D1-E76B-4422-B38B-B84C4803C0C1}"
EndProject
Global
	GlobalSection(SolutionConfigurationPlatforms) = preSolution
		Debug|Any CPU = Debug|Any CPU
		Release|Any CPU = Release|Any CPU
	EndGlobalSection
	GlobalSection(ProjectConfigurationPlatforms) = postSolution
		{503776D1-E76B-4422-B38B-B84C4803C0C1}.Debug|Any CPU.ActiveCfg = Debug|Any CPU
		{503776D1-E76B-4422-B38B-B84C4803C0C1}.Debug|Any CPU.Build.0 = Debug|Any CPU
		{503776D1-E76B-4422-B38B-B84C4803C0C1}.Release|Any CPU.ActiveCfg = Release|Any CPU
		{503776D1-E76B-4422-B38B-B84C4803C0C1}.Release|Any CPU.Build.0 = Release|Any CPU
	EndGlobalSection
	GlobalSection(SolutionProperties) = preSolution
		HideSolutionNode = FALSE
	EndGlobalSection
	GlobalSection(ExtensibilityGlobals) = postSolution
		SolutionGuid = {E3685AEA-C0C5-4627-8D79-9994DD37704E}
	EndGlobalSection
EndGlobal
