
Microsoft Visual Studio Solution File, Format Version 12.00
# Visual Studio 15
VisualStudioVersion = 15.0.27703.2026
MinimumVisualStudioVersion = 10.0.40219.1
Project("{FAE04EC0-301F-11D3-BF4B-00C04F79EFBC}") = "ConsoleApp1", "ConsoleApp1\ConsoleApp1.csproj", "{C82F3ECD-15E2-4F5F-AB11-BDE48B3371EA}"
EndProject
Global
	GlobalSection(SolutionConfigurationPlatforms) = preSolution
		Debug|Any CPU = Debug|Any CPU
		Release|Any CPU = Release|Any CPU
	EndGlobalSection
	GlobalSection(ProjectConfigurationPlatforms) = postSolution
		{C82F3ECD-15E2-4F5F-AB11-BDE48B3371EA}.Debug|Any CPU.ActiveCfg = Debug|Any CPU
		{C82F3ECD-15E2-4F5F-AB11-BDE48B3371EA}.Debug|Any CPU.Build.0 = Debug|Any CPU
		{C82F3ECD-15E2-4F5F-AB11-BDE48B3371EA}.Release|Any CPU.ActiveCfg = Release|Any CPU
		{C82F3ECD-15E2-4F5F-AB11-BDE48B3371EA}.Release|Any CPU.Build.0 = Release|Any CPU
	EndGlobalSection
	GlobalSection(SolutionProperties) = preSolution
		HideSolutionNode = FALSE
	EndGlobalSection
	GlobalSection(ExtensibilityGlobals) = postSolution
		SolutionGuid = {C8AF37C0-08DD-4324-BEA3-FFF8DB5F5A18}
	EndGlobalSection
EndGlobal
